{
  "version": "5",
  "specifiers": {
    "jsr:@std/assert@*": "1.0.13",
    "jsr:@std/assert@^1.0.13": "1.0.13",
    "jsr:@std/cli@*": "1.0.17",
    "jsr:@std/internal@^1.0.6": "1.0.7",
    "jsr:@std/internal@^1.0.7": "1.0.7",
    "jsr:@std/testing@*": "1.0.12",
    "npm:nats@2.17.0": "2.17.0",
    "npm:openmeteo@*": "1.2.0",
    "npm:prettier-plugin-sh@~0.17.4": "0.17.4_prettier@3.5.3",
    "npm:prettier@*": "3.5.3",
    "npm:prettier@3.5.3": "3.5.3"
  },
  "jsr": {
    "@std/assert@1.0.13": {
      "integrity": "ae0d31e41919b12c656c742b22522c32fb26ed0cba32975cb0de2a273cb68b29",
      "dependencies": [
        "jsr:@std/internal@^1.0.6"
      ]
    },
    "@std/cli@1.0.17": {
      "integrity": "e15b9abe629e17be90cc6216327f03a29eae613365f1353837fa749aad29ce7b"
    },
    "@std/internal@1.0.7": {
      "integrity": "39eeb5265190a7bc5d5591c9ff019490bd1f2c3907c044a11b0d545796158a0f"
    },
    "@std/testing@1.0.12": {
      "integrity": "fec973a45ccc62c540fb89296199051fee142409138fd6e3eae409366bcd4720",
      "dependencies": [
        "jsr:@std/assert@^1.0.13",
        "jsr:@std/internal@^1.0.7"
      ]
    }
  },
  "npm": {
    "@anush008/tokenizers-darwin-universal@0.0.0": {
      "integrity": "sha512-SACpWEooTjFX89dFKRVUhivMxxcZRtA3nJGVepdLyrwTkQ1TZQ8581B5JoXp0TcTMHfgnDaagifvVoBiFEdNCQ==",
      "os": ["darwin"]
    },
    "@anush008/tokenizers-linux-x64-gnu@0.0.0": {
      "integrity": "sha512-TLjByOPWUEq51L3EJkS+slyH57HKJ7lAz/aBtEt7TIPq4QsE2owOPGovByOLIq1x5Wgh9b+a4q2JasrEFSDDhg==",
      "os": ["linux"],
      "cpu": ["x64"]
    },
    "@anush008/tokenizers-win32-x64-msvc@0.0.0": {
      "integrity": "sha512-/5kP0G96+Cr6947F0ZetXnmL31YCaN15dbNbh2NHg7TXXRwfqk95+JtPP5Q7v4jbR2xxAmuseBqB4H/V7zKWuw==",
      "os": ["win32"],
      "cpu": ["x64"]
    },
    "@libsql/darwin-arm64@0.4.7": {
      "integrity": "sha512-yOL742IfWUlUevnI5PdnIT4fryY3LYTdLm56bnY0wXBw7dhFcnjuA7jrH3oSVz2mjZTHujxoITgAE7V6Z+eAbg==",
      "os": ["darwin"],
      "cpu": ["arm64"]
    },
    "@libsql/darwin-x64@0.4.7": {
      "integrity": "sha512-ezc7V75+eoyyH07BO9tIyJdqXXcRfZMbKcLCeF8+qWK5nP8wWuMcfOVywecsXGRbT99zc5eNra4NEx6z5PkSsA==",
      "os": ["darwin"],
      "cpu": ["x64"]
    },
    "@libsql/linux-arm64-gnu@0.4.7": {
      "integrity": "sha512-WlX2VYB5diM4kFfNaYcyhw5y+UJAI3xcMkEUJZPtRDEIu85SsSFrQ+gvoKfcVh76B//ztSeEX2wl9yrjF7BBCA==",
      "os": ["linux"],
      "cpu": ["arm64"]
    },
    "@libsql/linux-arm64-musl@0.4.7": {
      "integrity": "sha512-6kK9xAArVRlTCpWeqnNMCoXW1pe7WITI378n4NpvU5EJ0Ok3aNTIC2nRPRjhro90QcnmLL1jPcrVwO4WD1U0xw==",
      "os": ["linux"],
      "cpu": ["arm64"]
    },
    "@libsql/linux-x64-gnu@0.4.7": {
      "integrity": "sha512-CMnNRCmlWQqqzlTw6NeaZXzLWI8bydaXDke63JTUCvu8R+fj/ENsLrVBtPDlxQ0wGsYdXGlrUCH8Qi9gJep0yQ==",
      "os": ["linux"],
      "cpu": ["x64"]
    },
    "@libsql/linux-x64-musl@0.4.7": {
      "integrity": "sha512-nI6tpS1t6WzGAt1Kx1n1HsvtBbZ+jHn0m7ogNNT6pQHZQj7AFFTIMeDQw/i/Nt5H38np1GVRNsFe99eSIMs9XA==",
      "os": ["linux"],
      "cpu": ["x64"]
    },
    "@libsql/win32-x64-msvc@0.4.7": {
      "integrity": "sha512-7pJzOWzPm6oJUxml+PCDRzYQ4A1hTMHAciTAHfFK4fkbDZX33nWPVG7Y3vqdKtslcwAzwmrNDc6sXy2nwWnbiw==",
      "os": ["win32"],
      "cpu": ["x64"]
    },
    "@openmeteo/sdk@1.20.0": {
      "integrity": "sha512-v+mKaJUvJEZEGnritK2NwdIKTuHDFzf30yp8+8/71z8oXtwOsvcvlE8kKsVPjKLjRrU2/hJN8lBkR5m+wGKQXw==",
      "dependencies": [
        "flatbuffers"
      ]
    },
    "@reteps/dockerfmt@0.3.6": {
      "integrity": "sha512-Tb5wIMvBf/nLejTQ61krK644/CEMB/cpiaIFXqGApfGqO3GwcR3qnI0DbmkFVCl2OyEp8LnLX3EkucoL0+tbFg=="
    },
    "flatbuffers@25.2.10": {
      "integrity": "sha512-7JlN9ZvLDG1McO3kbX0k4v+SUAg48L1rIwEvN6ZQl/eCtgJz9UylTMzE9wrmYrcorgxm3CX/3T/w5VAub99UUw=="
    },
    "nats@2.17.0": {
      "integrity": "sha512-749TtweWL6bc9R9yNra4a+tuk8J0bqurxcPV/9R2D+WPTplY4PPde/LPSXspqR/eCCTxiM80/AjVlfboEafRxA==",
      "dependencies": [
        "nkeys.js"
      ]
    },
    "nkeys.js@1.0.5": {
      "integrity": "sha512-u25YnRPHiGVsNzwyHnn+PT90sgAhnS8jUJ1nxmkHMFYCJ6+Ic0lv291w7uhRBpJVJ3PH2GWbYqA151lGCRrB5g==",
      "dependencies": [
        "tweetnacl"
      ]
    },
    "openmeteo@1.2.0": {
      "integrity": "sha512-YinFo02TM4wXdm9o2FBAO2u1ka3drNdnFsGNskiO8aCWvZa6nljh3ioH79ipwPdFhCrIiq/LCfpjDGXqH2RBFw==",
      "dependencies": [
        "@openmeteo/sdk",
        "flatbuffers"
      ]
    },
    "prettier-plugin-sh@0.17.4_prettier@3.5.3": {
      "integrity": "sha512-aAVKXZ7GTEMZdZsIPSwMwddwPvt2ibMbRGd4OJAP0G7QoeYZV+mPNg2Oln3R53sZ4PVjeAA7Xzi/PuI0QlHHfQ==",
      "dependencies": [
        "@reteps/dockerfmt",
        "prettier",
        "sh-syntax"
      ]
    },
    "prettier@3.5.3": {
      "integrity": "sha512-QQtaxnoDJeAkDvDKWCLiwIXkTgRhwYDEQCghU9Z6q03iyek/rxRh/2lC3HB7P8sWT2xC/y5JDctPLBIGzHKbhw==",
      "bin": true
    },
    "sh-syntax@0.5.8": {
      "integrity": "sha512-JfVoxf4FxQI5qpsPbkHhZo+n6N9YMJobyl4oGEUBb/31oQYlgTjkXQD8PBiafS2UbWoxrTO0Z5PJUBXEPAG1Zw==",
      "dependencies": [
        "tslib"
      ]
    },
    "tslib@2.8.1": {
      "integrity": "sha512-oJFu94HQb+KVduSUQL7wnpmqnfmLsOA/nAh6b6EH0wCEoK0/mPeXU6c3wKDV83MkOuHPRHtSXKKU99IBazS/2w=="
    },
    "tweetnacl@1.0.3": {
      "integrity": "sha512-6rt+RN7aOi1nGMyC4Xa5DdYiukl2UWCbcJft7YhxReBGQD7OAM8Pbxw6YMo4r2diNEA8FEmu32YOn9rhaiE5yw=="
    }
  },
  "remote": {
    "https://deno.land/std@0.200.0/streams/write_all.ts": "aec90152978581ea62d56bb53a5cbf487e6a89c902f87c5969681ffbdf32b998",
    "https://deno.land/x/nats@v1.17.0/jetstream/consumer.ts": "d2582691400350af0d312c33f9c8d1ce56e5f931323ed2fa03113983d716391e",
    "https://deno.land/x/nats@v1.17.0/jetstream/internal_mod.ts": "7580e168a610efa83f8b4b76a39dd4d19fb71a25dcfb4de6e77bebfa3a4f225b",
    "https://deno.land/x/nats@v1.17.0/jetstream/jsapi_types.ts": "ba6a3dc06c25bd3316436a78c0bbf8a2073e5486eeb9a861834d620e2a58ce1c",
    "https://deno.land/x/nats@v1.17.0/jetstream/jsbaseclient_api.ts": "9276bd7a44f7fdb6947b4589c18b4f7ec5c61f938cf6364fb2e5cc00712bc946",
    "https://deno.land/x/nats@v1.17.0/jetstream/jsclient.ts": "f5d72e9596fa90c34df34da991a3a1cfca1ee82f6aa720f6eaac79b2ae7d793f",
    "https://deno.land/x/nats@v1.17.0/jetstream/jslister.ts": "6e481fb5e1622891f4dafb7742cc2ec4fe28b50ca8e904681c01e996f2ca2ac0",
    "https://deno.land/x/nats@v1.17.0/jetstream/jsm.ts": "20ac750904cd7a22256393cd61a67522bf2a0797d150e22b3e922685868b70f6",
    "https://deno.land/x/nats@v1.17.0/jetstream/jsmconsumer_api.ts": "6ce8dcb1db0be0d813721a2789a3686ff91e729fc8cc025afd4d5e1507931012",
    "https://deno.land/x/nats@v1.17.0/jetstream/jsmsg.ts": "31ad258da4177291f83d108ae682f6380d245abbdbe1f1db4b9d821ad19e3de1",
    "https://deno.land/x/nats@v1.17.0/jetstream/jsmstream_api.ts": "52d94a28089974a4006b8c22a72148842649d935b8d3f2b6c4b4cbc9d96954b0",
    "https://deno.land/x/nats@v1.17.0/jetstream/jsutil.ts": "a0e1392c792a66b076f0c2ad62f94afe7649c5ebac0ce270a0961bf5a526c8b9",
    "https://deno.land/x/nats@v1.17.0/jetstream/kv.ts": "e4422a0b1aebd6754008b10af84ab75d765599994c0277e914a08ef1ec38dcd7",
    "https://deno.land/x/nats@v1.17.0/jetstream/mod.ts": "5a77e59fae40ccc4c4cb20d5ab360c555f9967397d75211d7e169216d8d2748f",
    "https://deno.land/x/nats@v1.17.0/jetstream/objectstore.ts": "9f5dcad754ef0d6f1594c9b6f79baa6dffa81308303757c242626f3d90bf5a35",
    "https://deno.land/x/nats@v1.17.0/jetstream/types.ts": "ac3def2f13e3822821a205c84d6f9125ddf4e2fbe677635d8ebd2a68f6bf2679",
    "https://deno.land/x/nats@v1.17.0/nats-base-client/authenticator.ts": "9cbfef9352748917ceada487e1ee44d91f55cd5e51d3a74577d99c77d8456d02",
    "https://deno.land/x/nats@v1.17.0/nats-base-client/base64.ts": "c031bf9f8ac451f2e50c44a3b2f9ff564d61bb14c51834ce73db837e1dee432b",
    "https://deno.land/x/nats@v1.17.0/nats-base-client/bench.ts": "bb615b424db7597037cb15f03727ec8363813648fbced71ec588c29ba975e85f",
    "https://deno.land/x/nats@v1.17.0/nats-base-client/codec.ts": "da86654fb1f52766b998bbe22f28aa3bd3bfe6098f4d03a364999b75d522c551",
    "https://deno.land/x/nats@v1.17.0/nats-base-client/core.ts": "bbb9e42473889a54736a6506704b2467a9963a5e376c3ce28a4b684c5aa341ab",
    "https://deno.land/x/nats@v1.17.0/nats-base-client/databuffer.ts": "4f92f772ca6701d15f2d148d2d34543558d458b20014d0404f605f84b747b75f",
    "https://deno.land/x/nats@v1.17.0/nats-base-client/denobuffer.ts": "83686bd747953167824694a3f4882ed7134a4fe70b3af89b65b41c284bc0c06a",
    "https://deno.land/x/nats@v1.17.0/nats-base-client/encoders.ts": "223f9a203d4540d3df1f219b7a93f7a04e94a4ee8b5609ce99317e25b11cdbcf",
    "https://deno.land/x/nats@v1.17.0/nats-base-client/headers.ts": "5321eb4234ee9ea20b0df367129edd66a50fb736af58ab68d7ebd7d820a2e9a3",
    "https://deno.land/x/nats@v1.17.0/nats-base-client/heartbeats.ts": "ae28515ee032f9bfc391809c146b85f5d59b9acc56d9c83a7222acfa0d2fe019",
    "https://deno.land/x/nats@v1.17.0/nats-base-client/idleheartbeat.ts": "b5a6056277284309e479b8ea9fd16ef7dabb2bc33fb2e218b439f4982d563bf2",
    "https://deno.land/x/nats@v1.17.0/nats-base-client/internal_mod.ts": "39879e20b3723f0e206f28d7a0c42a6f408312a433cee89687c21f4b2dbe619e",
    "https://deno.land/x/nats@v1.17.0/nats-base-client/ipparser.ts": "eced7163655be5bb457f9a3a5880239131996e3ae7d7817db88c156faa42d29f",
    "https://deno.land/x/nats@v1.17.0/nats-base-client/mod.ts": "f7d0421f0f3368a69aa3c4fe25f9eaaa07ce8126fe271f0b4404a02e06287127",
    "https://deno.land/x/nats@v1.17.0/nats-base-client/msg.ts": "c8be6f4f7488eb3af30e2038e3f0a0d7e913964a4559e2f8ba37d13374a3bc43",
    "https://deno.land/x/nats@v1.17.0/nats-base-client/muxsubscription.ts": "07ce9bf83c11f4e1e1e927cdaaaabbb07929af18ee024ca9e462650009e31d74",
    "https://deno.land/x/nats@v1.17.0/nats-base-client/nats.ts": "36609471c1149407f4605ed29875e4268d937b3a8719ac0408fb55e5c1ce5002",
    "https://deno.land/x/nats@v1.17.0/nats-base-client/nkeys.ts": "01aa92908831dd3baad8dbc0e1b3eb05c7b8532a96f799244ff5da16aaee8e69",
    "https://deno.land/x/nats@v1.17.0/nats-base-client/nuid.ts": "f9b0a944338f6b5cf44dd652d22016acdc59ab6fbdaef6cdffa4bae633f2e0f5",
    "https://deno.land/x/nats@v1.17.0/nats-base-client/options.ts": "a09d1e9c987517f85a25d2fd213779ed3ae8f66760810e5f8d022d7cd83add43",
    "https://deno.land/x/nats@v1.17.0/nats-base-client/parser.ts": "841c14dab3ba248f839cd14574e2249a5e98acc75e105ecdc4242501ef2b9f5a",
    "https://deno.land/x/nats@v1.17.0/nats-base-client/protocol.ts": "bda45d234b9eea575780281bc72c0a77c2a844f548c508cdf050a9ff5b39dd86",
    "https://deno.land/x/nats@v1.17.0/nats-base-client/queued_iterator.ts": "9dd1f8abdc00ed745d1294ab4d8e2d70bd29a894b6dc207bf67a5a8fb2fea50d",
    "https://deno.land/x/nats@v1.17.0/nats-base-client/request.ts": "36f57e9129a06140c52ddf7a1775954b775ee7dbe653c2b665ecaea9d1eff8cd",
    "https://deno.land/x/nats@v1.17.0/nats-base-client/semver.ts": "dfe6cf4c8841eea153884ac24a3cf8fc95fec886fa79b3f799932d60af1bdc62",
    "https://deno.land/x/nats@v1.17.0/nats-base-client/servers.ts": "1604c69f9f2dcf7fb5be311ea6b9c414fc425611db3f1a880d4830dbaab9a5bf",
    "https://deno.land/x/nats@v1.17.0/nats-base-client/service.ts": "2fa4c9f32dcb65c4c1947bfcf7bcda7bea5038d851680657b8358e70a27affd8",
    "https://deno.land/x/nats@v1.17.0/nats-base-client/serviceclient.ts": "8110c8b3d4b21baf43f8d1b12e7f245eef51408d1406e343403764e28e8e505d",
    "https://deno.land/x/nats@v1.17.0/nats-base-client/sha256.js": "87a436302eafacfea9600cf0276245f39d13718c4cbaa81daff47af4ea6523fd",
    "https://deno.land/x/nats@v1.17.0/nats-base-client/transport.ts": "645996427e586083bac2155d48134306b07ad6baca014fa6a78ee1feb69c9366",
    "https://deno.land/x/nats@v1.17.0/nats-base-client/typedsub.ts": "b5f0c5f270975a6425c6467719ecd5caf538fe0eaafc2c12abc73fd7a577c3e1",
    "https://deno.land/x/nats@v1.17.0/nats-base-client/types.ts": "fa9f61b492fffb153ae794a41b19c89094f988c4eb79ff98211fd367eb70c385",
    "https://deno.land/x/nats@v1.17.0/nats-base-client/util.ts": "62a763dcd06ee113ce6fb47a4038b11aeb511093002453fe344aab185c114cf8",
    "https://deno.land/x/nats@v1.17.0/src/connect.ts": "117abbed3b942555451e5adf31befd34ee64aa2b12e36688cb11fb9c7e69c221",
    "https://deno.land/x/nats@v1.17.0/src/deno_transport.ts": "0c49009618f95345af29dc0090538d78d00dfc466bd12c65e3df64aef6a344e2",
    "https://deno.land/x/nats@v1.17.0/src/mod.ts": "e5c12c8215cb250d888f9c0e4ee3372a1adbbcd938f8264a8a5275f194f99a3c",
    "https://raw.githubusercontent.com/nats-io/nkeys.js/v1.0.4/modules/esm/deps.ts": "38d8dcfc3ca0b7429532477127719affa0da04824610e2a1069f9f935032894f",
    "https://raw.githubusercontent.com/nats-io/nkeys.js/v1.0.4/modules/esm/mod.ts": "43c3fbbad0244dde7ae229e778dbefba7f28955a7ff5257d4ed1635b5576fb31",
    "https://raw.githubusercontent.com/nats-io/nkeys.js/v1.0.4/modules/esm/nacl.js": "251e4ffcd6d2c56c7773bcf8c1549e9c07b32adb7a2156908a04930a52e614de",
    "https://raw.githubusercontent.com/nats-io/nkeys.js/v1.0.4/src/base32.ts": "07cbfd2551cf1ef4e45784058f7583495354a167c17a75b6cbdbf6b11d91c235",
    "https://raw.githubusercontent.com/nats-io/nkeys.js/v1.0.4/src/codec.ts": "23a574d4c7e4059c503992d6cb8ab0aa5c518f52848c4599ce04049a75f8e8ee",
    "https://raw.githubusercontent.com/nats-io/nkeys.js/v1.0.4/src/crc16.ts": "0290d486579668a79602cef211a28038630e685147e8ddf79b32ff41a871cfdd",
    "https://raw.githubusercontent.com/nats-io/nkeys.js/v1.0.4/src/helper.ts": "8c4121b879ac5d0d4e05b227e15a7e29057642282f020d49de36ca3c33b7d1ed",
    "https://raw.githubusercontent.com/nats-io/nkeys.js/v1.0.4/src/kp.ts": "360259ef2bea8ee65c8fce04efb4b5aaff14382d155c0668c131d959ef9098bb",
    "https://raw.githubusercontent.com/nats-io/nkeys.js/v1.0.4/src/mod.ts": "467181195143688f969a8d1f106e4d5064116d4736a77347f681c2a6c010ede4",
    "https://raw.githubusercontent.com/nats-io/nkeys.js/v1.0.4/src/nkeys.ts": "ef6d234c2661598f39dd30f68b83be1ba84e6f89b851ffaabfad5128917cd8f3",
    "https://raw.githubusercontent.com/nats-io/nkeys.js/v1.0.4/src/public.ts": "b5c893dad5ec139296bcaec6ea11ab4cb06da4f6978e05ff9c37f7d17a7c6101",
    "https://raw.githubusercontent.com/nats-io/nkeys.js/v1.0.4/src/util.ts": "96c4c8f707ef6aaa00c23527d0a7b935efe1df3dd94e6d40707e37c5e0f14e27"
  },
  "workspace": {
    "dependencies": [
      "npm:prettier-plugin-sh@~0.17.4",
      "npm:prettier@^3.5.3"
    ]
  }
}
