{
  "version": 1,
  "sidecar": "git@github.com:compozy/specs.git",
  "source_branch": "fixes",
  "namespaces": [
    {
      "name": "compozy",
      "sidecar_branch": "compozy/__branches__/fixes",
      "commit": "2ee032b121f14c55e806650501b22954e6f044b7",
      "digest": "sha256:49877c8939bed69ebfd77e53cc7e35d36b4fe31e0c011c42acfdbf87db0bb34a",
      "files": 1449,
      "bytes": 12099662
    }
  ]
}
