{
  "version": 1,
  "sidecar": "git@github.com:compozy/specs.git",
  "source_branch": "fix-parallel",
  "namespaces": [
    {
      "name": "compozy",
      "sidecar_branch": "compozy/__branches__/fix-parallel",
      "commit": "26768f29e3017b0f4ab6bcb5382b2e0dfab49737",
      "digest": "sha256:d9f141e2f6f581409f833bd7ed39cd9ce0e3b02e68bb29f5bb76cd95e30fca19",
      "files": 1371,
      "bytes": 11753748
    }
  ]
}
