{
  "version": 1,
  "sidecar": "git@github.com:compozy/specs.git",
  "source_branch": "agentic",
  "namespaces": [
    {
      "name": "compozy",
      "sidecar_branch": "compozy/__branches__/agentic",
      "commit": "043f6321150358c1fd4b023a3c7a80cc6e51ffae",
      "digest": "sha256:49d72a82f3bbbb41b390758635a95cef90025cde0d78cc4d4c267ddd3832ac3c",
      "files": 1444,
      "bytes": 11886143
    }
  ]
}
